// !$*UTF8*$!
{
	archiveVersion = 1;
	classes = {
	};
	objectVersion = 47;
	objects = {

/* Begin PBXBuildFile section */
		341AF0C7E00FD0EEE5045D7B /* libPods.a in Frameworks */ = {isa = PBXBuildFile; fileRef = D87CBC0042796D3D44B799B4 /* libPods.a */; };
		633707E31B6A49F40094A36C /* main.m in Sources */ = {isa = PBXBuildFile; fileRef = 633707E21B6A49F40094A36C /* main.m */; };
		633707E61B6A49F40094A36C /* AppDelegate.m in Sources */ = {isa = PBXBuildFile; fileRef = 633707E51B6A49F40094A36C /* AppDelegate.m */; };
		633707EE1B6A49F40094A36C /* Images.xcassets in Resources */ = {isa = PBXBuildFile; fileRef = 633707ED1B6A49F40094A36C /* Images.xcassets */; };
		633707FD1B6A49F50094A36C /* cmallTests.m in Sources */ = {isa = PBXBuildFile; fileRef = 633707FC1B6A49F50094A36C /* cmallTests.m */; };
		636A10271B6B242D00D3E7CB /* NNBaseNavigationController.m in Sources */ = {isa = PBXBuildFile; fileRef = 636A10261B6B242D00D3E7CB /* NNBaseNavigationController.m */; };
		636A102A1B6B27C100D3E7CB /* NNBaseTabBarController.m in Sources */ = {isa = PBXBuildFile; fileRef = 636A10291B6B27C100D3E7CB /* NNBaseTabBarController.m */; };
		636A102E1B6B461F00D3E7CB /* NNHomeTabController.m in Sources */ = {isa = PBXBuildFile; fileRef = 636A102D1B6B461F00D3E7CB /* NNHomeTabController.m */; };
		636A10311B6B471400D3E7CB /* NNHomeViewController.m in Sources */ = {isa = PBXBuildFile; fileRef = 636A10301B6B471400D3E7CB /* NNHomeViewController.m */; };
		636A10341B6B488400D3E7CB /* NNCategoryViewController.m in Sources */ = {isa = PBXBuildFile; fileRef = 636A10331B6B488400D3E7CB /* NNCategoryViewController.m */; };
		636A10CA1B6B6D8600D3E7CB /* Launch Screen.xib in Resources */ = {isa = PBXBuildFile; fileRef = 636A10C91B6B6D8600D3E7CB /* Launch Screen.xib */; };
		63AE71EF1B72120B00EB4474 /* NNScrollerView.m in Sources */ = {isa = PBXBuildFile; fileRef = 63AE71EE1B72120B00EB4474 /* NNScrollerView.m */; };
		63AE71F81B72321F00EB4474 /* default_01@2x.png in Resources */ = {isa = PBXBuildFile; fileRef = 63AE71F71B72321F00EB4474 /* default_01@2x.png */; };
		63BF5B501B6B20AF00C5A7B2 /* NNBaseViewController.m in Sources */ = {isa = PBXBuildFile; fileRef = 63BF5B4F1B6B20AF00C5A7B2 /* NNBaseViewController.m */; };
/* End PBXBuildFile section */

/* Begin PBXContainerItemProxy section */
		633707F71B6A49F40094A36C /* PBXContainerItemProxy */ = {
			isa = PBXContainerItemProxy;
			containerPortal = 633707D51B6A49F40094A36C /* Project object */;
			proxyType = 1;
			remoteGlobalIDString = 633707DC1B6A49F40094A36C;
			remoteInfo = cmall;
		};
/* End PBXContainerItemProxy section */

/* Begin PBXFileReference section */
		1F5A99351C4956CD0D74D14E /* Pods.debug.xcconfig */ = {isa = PBXFileReference; includeInIndex = 1; lastKnownFileType = text.xcconfig; name = Pods.debug.xcconfig; path = "Pods/Target Support Files/Pods/Pods.debug.xcconfig"; sourceTree = "<group>"; };
		633707DD1B6A49F40094A36C /* cmall.app */ = {isa = PBXFileReference; explicitFileType = wrapper.application; includeInIndex = 0; path = cmall.app; sourceTree = BUILT_PRODUCTS_DIR; };
		633707E11B6A49F40094A36C /* Info.plist */ = {isa = PBXFileReference; lastKnownFileType = text.plist.xml; path = Info.plist; sourceTree = "<group>"; };
		633707E21B6A49F40094A36C /* main.m */ = {isa = PBXFileReference; lastKnownFileType = sourcecode.c.objc; path = main.m; sourceTree = "<group>"; };
		633707E41B6A49F40094A36C /* AppDelegate.h */ = {isa = PBXFileReference; lastKnownFileType = sourcecode.c.h; path = AppDelegate.h; sourceTree = "<group>"; };
		633707E51B6A49F40094A36C /* AppDelegate.m */ = {isa = PBXFileReference; lastKnownFileType = sourcecode.c.objc; path = AppDelegate.m; sourceTree = "<group>"; };
		633707ED1B6A49F40094A36C /* Images.xcassets */ = {isa = PBXFileReference; lastKnownFileType = folder.assetcatalog; path = Images.xcassets; sourceTree = "<group>"; };
		633707F61B6A49F40094A36C /* cmallTests.xctest */ = {isa = PBXFileReference; explicitFileType = wrapper.cfbundle; includeInIndex = 0; path = cmallTests.xctest; sourceTree = BUILT_PRODUCTS_DIR; };
		633707FB1B6A49F40094A36C /* Info.plist */ = {isa = PBXFileReference; lastKnownFileType = text.plist.xml; path = Info.plist; sourceTree = "<group>"; };
		633707FC1B6A49F50094A36C /* cmallTests.m */ = {isa = PBXFileReference; lastKnownFileType = sourcecode.c.objc; path = cmallTests.m; sourceTree = "<group>"; };
		636A10251B6B242D00D3E7CB /* NNBaseNavigationController.h */ = {isa = PBXFileReference; fileEncoding = 4; lastKnownFileType = sourcecode.c.h; name = NNBaseNavigationController.h; path = BaseController/NNBaseNavigationController.h; sourceTree = "<group>"; };
		636A10261B6B242D00D3E7CB /* NNBaseNavigationController.m */ = {isa = PBXFileReference; fileEncoding = 4; lastKnownFileType = sourcecode.c.objc; name = NNBaseNavigationController.m; path = BaseController/NNBaseNavigationController.m; sourceTree = "<group>"; };
		636A10281B6B27C100D3E7CB /* NNBaseTabBarController.h */ = {isa = PBXFileReference; fileEncoding = 4; lastKnownFileType = sourcecode.c.h; name = NNBaseTabBarController.h; path = BaseController/NNBaseTabBarController.h; sourceTree = "<group>"; };
		636A10291B6B27C100D3E7CB /* NNBaseTabBarController.m */ = {isa = PBXFileReference; fileEncoding = 4; lastKnownFileType = sourcecode.c.objc; name = NNBaseTabBarController.m; path = BaseController/NNBaseTabBarController.m; sourceTree = "<group>"; };
		636A102C1B6B461F00D3E7CB /* NNHomeTabController.h */ = {isa = PBXFileReference; fileEncoding = 4; lastKnownFileType = sourcecode.c.h; name = NNHomeTabController.h; path = Home/NNHomeTabController.h; sourceTree = "<group>"; };
		636A102D1B6B461F00D3E7CB /* NNHomeTabController.m */ = {isa = PBXFileReference; fileEncoding = 4; lastKnownFileType = sourcecode.c.objc; name = NNHomeTabController.m; path = Home/NNHomeTabController.m; sourceTree = "<group>"; };
		636A102F1B6B471400D3E7CB /* NNHomeViewController.h */ = {isa = PBXFileReference; fileEncoding = 4; lastKnownFileType = sourcecode.c.h; name = NNHomeViewController.h; path = Home/NNHomeViewController.h; sourceTree = "<group>"; };
		636A10301B6B471400D3E7CB /* NNHomeViewController.m */ = {isa = PBXFileReference; fileEncoding = 4; lastKnownFileType = sourcecode.c.objc; name = NNHomeViewController.m; path = Home/NNHomeViewController.m; sourceTree = "<group>"; };
		636A10321B6B488400D3E7CB /* NNCategoryViewController.h */ = {isa = PBXFileReference; fileEncoding = 4; lastKnownFileType = sourcecode.c.h; name = NNCategoryViewController.h; path = Home/NNCategoryViewController.h; sourceTree = "<group>"; };
		636A10331B6B488400D3E7CB /* NNCategoryViewController.m */ = {isa = PBXFileReference; fileEncoding = 4; lastKnownFileType = sourcecode.c.objc; name = NNCategoryViewController.m; path = Home/NNCategoryViewController.m; sourceTree = "<group>"; };
		636A10C91B6B6D8600D3E7CB /* Launch Screen.xib */ = {isa = PBXFileReference; fileEncoding = 4; lastKnownFileType = file.xib; path = "Launch Screen.xib"; sourceTree = "<group>"; };
		63AE71ED1B72120B00EB4474 /* NNScrollerView.h */ = {isa = PBXFileReference; fileEncoding = 4; lastKnownFileType = sourcecode.c.h; name = NNScrollerView.h; path = Utility/NNScrollerView.h; sourceTree = "<group>"; };
		63AE71EE1B72120B00EB4474 /* NNScrollerView.m */ = {isa = PBXFileReference; fileEncoding = 4; lastKnownFileType = sourcecode.c.objc; name = NNScrollerView.m; path = Utility/NNScrollerView.m; sourceTree = "<group>"; };
		63AE71F71B72321F00EB4474 /* default_01@2x.png */ = {isa = PBXFileReference; lastKnownFileType = image.png; path = "default_01@2x.png"; sourceTree = "<group>"; };
		63BF5B4E1B6B20AF00C5A7B2 /* NNBaseViewController.h */ = {isa = PBXFileReference; fileEncoding = 4; lastKnownFileType = sourcecode.c.h; name = NNBaseViewController.h; path = BaseController/NNBaseViewController.h; sourceTree = "<group>"; };
		63BF5B4F1B6B20AF00C5A7B2 /* NNBaseViewController.m */ = {isa = PBXFileReference; fileEncoding = 4; lastKnownFileType = sourcecode.c.objc; name = NNBaseViewController.m; path = BaseController/NNBaseViewController.m; sourceTree = "<group>"; };
		D87CBC0042796D3D44B799B4 /* libPods.a */ = {isa = PBXFileReference; explicitFileType = archive.ar; includeInIndex = 0; path = libPods.a; sourceTree = BUILT_PRODUCTS_DIR; };
		F7740C57FCE1BE42D9DB4B67 /* Pods.release.xcconfig */ = {isa = PBXFileReference; includeInIndex = 1; lastKnownFileType = text.xcconfig; name = Pods.release.xcconfig; path = "Pods/Target Support Files/Pods/Pods.release.xcconfig"; sourceTree = "<group>"; };
/* End PBXFileReference section */

/* Begin PBXFrameworksBuildPhase section */
		633707DA1B6A49F40094A36C /* Frameworks */ = {
			isa = PBXFrameworksBuildPhase;
			buildActionMask = 2147483647;
			files = (
				341AF0C7E00FD0EEE5045D7B /* libPods.a in Frameworks */,
			);
			runOnlyForDeploymentPostprocessing = 0;
		};
		633707F31B6A49F40094A36C /* Frameworks */ = {
			isa = PBXFrameworksBuildPhase;
			buildActionMask = 2147483647;
			files = (
			);
			runOnlyForDeploymentPostprocessing = 0;
		};
/* End PBXFrameworksBuildPhase section */

/* Begin PBXGroup section */
		633707D41B6A49F40094A36C = {
			isa = PBXGroup;
			children = (
				633707DF1B6A49F40094A36C /* cmall */,
				633707F91B6A49F40094A36C /* cmallTests */,
				633707DE1B6A49F40094A36C /* Products */,
				EBC7EFE2EEEEE129F782E32C /* Pods */,
				EE96FEE0D628128D5E48424E /* Frameworks */,
			);
			sourceTree = "<group>";
		};
		633707DE1B6A49F40094A36C /* Products */ = {
			isa = PBXGroup;
			children = (
				633707DD1B6A49F40094A36C /* cmall.app */,
				633707F61B6A49F40094A36C /* cmallTests.xctest */,
			);
			name = Products;
			sourceTree = "<group>";
		};
		633707DF1B6A49F40094A36C /* cmall */ = {
			isa = PBXGroup;
			children = (
				63DB780E1B71B5A600ABBB14 /* Utility */,
				636A102B1B6B44EA00D3E7CB /* Home */,
				638AA7D51B6A53D60043F853 /* BaseController */,
				633707E41B6A49F40094A36C /* AppDelegate.h */,
				633707E51B6A49F40094A36C /* AppDelegate.m */,
				636A10C91B6B6D8600D3E7CB /* Launch Screen.xib */,
				633707ED1B6A49F40094A36C /* Images.xcassets */,
				633707E01B6A49F40094A36C /* Supporting Files */,
			);
			path = cmall;
			sourceTree = "<group>";
		};
		633707E01B6A49F40094A36C /* Supporting Files */ = {
			isa = PBXGroup;
			children = (
				63AE71F51B72321F00EB4474 /* Resources */,
				633707E11B6A49F40094A36C /* Info.plist */,
				633707E21B6A49F40094A36C /* main.m */,
			);
			name = "Supporting Files";
			sourceTree = "<group>";
		};
		633707F91B6A49F40094A36C /* cmallTests */ = {
			isa = PBXGroup;
			children = (
				633707FC1B6A49F50094A36C /* cmallTests.m */,
				633707FA1B6A49F40094A36C /* Supporting Files */,
			);
			path = cmallTests;
			sourceTree = "<group>";
		};
		633707FA1B6A49F40094A36C /* Supporting Files */ = {
			isa = PBXGroup;
			children = (
				633707FB1B6A49F40094A36C /* Info.plist */,
			);
			name = "Supporting Files";
			sourceTree = "<group>";
		};
		636A102B1B6B44EA00D3E7CB /* Home */ = {
			isa = PBXGroup;
			children = (
				636A102C1B6B461F00D3E7CB /* NNHomeTabController.h */,
				636A102D1B6B461F00D3E7CB /* NNHomeTabController.m */,
				636A102F1B6B471400D3E7CB /* NNHomeViewController.h */,
				636A10301B6B471400D3E7CB /* NNHomeViewController.m */,
				636A10321B6B488400D3E7CB /* NNCategoryViewController.h */,
				636A10331B6B488400D3E7CB /* NNCategoryViewController.m */,
			);
			name = Home;
			sourceTree = "<group>";
		};
		638AA7D51B6A53D60043F853 /* BaseController */ = {
			isa = PBXGroup;
			children = (
				63BF5B4E1B6B20AF00C5A7B2 /* NNBaseViewController.h */,
				63BF5B4F1B6B20AF00C5A7B2 /* NNBaseViewController.m */,
				636A10251B6B242D00D3E7CB /* NNBaseNavigationController.h */,
				636A10261B6B242D00D3E7CB /* NNBaseNavigationController.m */,
				636A10281B6B27C100D3E7CB /* NNBaseTabBarController.h */,
				636A10291B6B27C100D3E7CB /* NNBaseTabBarController.m */,
			);
			name = BaseController;
			sourceTree = "<group>";
		};
		63AE71F51B72321F00EB4474 /* Resources */ = {
			isa = PBXGroup;
			children = (
				63AE71F61B72321F00EB4474 /* images */,
			);
			path = Resources;
			sourceTree = "<group>";
		};
		63AE71F61B72321F00EB4474 /* images */ = {
			isa = PBXGroup;
			children = (
				63AE71F71B72321F00EB4474 /* default_01@2x.png */,
			);
			path = images;
			sourceTree = "<group>";
		};
		63DB780E1B71B5A600ABBB14 /* Utility */ = {
			isa = PBXGroup;
			children = (
				63AE71ED1B72120B00EB4474 /* NNScrollerView.h */,
				63AE71EE1B72120B00EB4474 /* NNScrollerView.m */,
			);
			name = Utility;
			sourceTree = "<group>";
		};
		EBC7EFE2EEEEE129F782E32C /* Pods */ = {
			isa = PBXGroup;
			children = (
				1F5A99351C4956CD0D74D14E /* Pods.debug.xcconfig */,
				F7740C57FCE1BE42D9DB4B67 /* Pods.release.xcconfig */,
			);
			name = Pods;
			sourceTree = "<group>";
		};
		EE96FEE0D628128D5E48424E /* Frameworks */ = {
			isa = PBXGroup;
			children = (
				D87CBC0042796D3D44B799B4 /* libPods.a */,
			);
			name = Frameworks;
			sourceTree = "<group>";
		};
/* End PBXGroup section */

/* Begin PBXNativeTarget section */
		633707DC1B6A49F40094A36C /* cmall */ = {
			isa = PBXNativeTarget;
			buildConfigurationList = 633708001B6A49F50094A36C /* Build configuration list for PBXNativeTarget "cmall" */;
			buildPhases = (
				B01E1727BB88EB37278655FC /* Check Pods Manifest.lock */,
				633707D91B6A49F40094A36C /* Sources */,
				633707DA1B6A49F40094A36C /* Frameworks */,
				633707DB1B6A49F40094A36C /* Resources */,
				0E0CE8BA81CEF5B5499514C1 /* Copy Pods Resources */,
			);
			buildRules = (
			);
			dependencies = (
			);
			name = cmall;
			productName = cmall;
			productReference = 633707DD1B6A49F40094A36C /* cmall.app */;
			productType = "com.apple.product-type.application";
		};
		633707F51B6A49F40094A36C /* cmallTests */ = {
			isa = PBXNativeTarget;
			buildConfigurationList = 633708031B6A49F50094A36C /* Build configuration list for PBXNativeTarget "cmallTests" */;
			buildPhases = (
				633707F21B6A49F40094A36C /* Sources */,
				633707F31B6A49F40094A36C /* Frameworks */,
				633707F41B6A49F40094A36C /* Resources */,
			);
			buildRules = (
			);
			dependencies = (
				633707F81B6A49F40094A36C /* PBXTargetDependency */,
			);
			name = cmallTests;
			productName = cmallTests;
			productReference = 633707F61B6A49F40094A36C /* cmallTests.xctest */;
			productType = "com.apple.product-type.bundle.unit-test";
		};
/* End PBXNativeTarget section */

/* Begin PBXProject section */
		633707D51B6A49F40094A36C /* Project object */ = {
			isa = PBXProject;
			attributes = {
				CLASSPREFIX = NN;
				LastUpgradeCheck = 0640;
				ORGANIZATIONNAME = NAONAO;
				TargetAttributes = {
					633707DC1B6A49F40094A36C = {
						CreatedOnToolsVersion = 6.4;
					};
					633707F51B6A49F40094A36C = {
						CreatedOnToolsVersion = 6.4;
						TestTargetID = 633707DC1B6A49F40094A36C;
					};
				};
			};
			buildConfigurationList = 633707D81B6A49F40094A36C /* Build configuration list for PBXProject "cmall" */;
			compatibilityVersion = "Xcode 6.3";
			developmentRegion = English;
			hasScannedForEncodings = 0;
			knownRegions = (
				en,
				Base,
			);
			mainGroup = 633707D41B6A49F40094A36C;
			productRefGroup = 633707DE1B6A49F40094A36C /* Products */;
			projectDirPath = "";
			projectRoot = "";
			targets = (
				633707DC1B6A49F40094A36C /* cmall */,
				633707F51B6A49F40094A36C /* cmallTests */,
			);
		};
/* End PBXProject section */

/* Begin PBXResourcesBuildPhase section */
		633707DB1B6A49F40094A36C /* Resources */ = {
			isa = PBXResourcesBuildPhase;
			buildActionMask = 2147483647;
			files = (
				63AE71F81B72321F00EB4474 /* default_01@2x.png in Resources */,
				636A10CA1B6B6D8600D3E7CB /* Launch Screen.xib in Resources */,
				633707EE1B6A49F40094A36C /* Images.xcassets in Resources */,
			);
			runOnlyForDeploymentPostprocessing = 0;
		};
		633707F41B6A49F40094A36C /* Resources */ = {
			isa = PBXResourcesBuildPhase;
			buildActionMask = 2147483647;
			files = (
			);
			runOnlyForDeploymentPostprocessing = 0;
		};
/* End PBXResourcesBuildPhase section */

/* Begin PBXShellScriptBuildPhase section */
		0E0CE8BA81CEF5B5499514C1 /* Copy Pods Resources */ = {
			isa = PBXShellScriptBuildPhase;
			buildActionMask = 2147483647;
			files = (
			);
			inputPaths = (
			);
			name = "Copy Pods Resources";
			outputPaths = (
			);
			runOnlyForDeploymentPostprocessing = 0;
			shellPath = /bin/sh;
			shellScript = "\"${SRCROOT}/Pods/Target Support Files/Pods/Pods-resources.sh\"\n";
			showEnvVarsInLog = 0;
		};
		B01E1727BB88EB37278655FC /* Check Pods Manifest.lock */ = {
			isa = PBXShellScriptBuildPhase;
			buildActionMask = 2147483647;
			files = (
			);
			inputPaths = (
			);
			name = "Check Pods Manifest.lock";
			outputPaths = (
			);
			runOnlyForDeploymentPostprocessing = 0;
			shellPath = /bin/sh;
			shellScript = "diff \"${PODS_ROOT}/../Podfile.lock\" \"${PODS_ROOT}/Manifest.lock\" > /dev/null\nif [[ $? != 0 ]] ; then\n    cat << EOM\nerror: The sandbox is not in sync with the Podfile.lock. Run 'pod install' or update your CocoaPods installation.\nEOM\n    exit 1\nfi\n";
			showEnvVarsInLog = 0;
		};
/* End PBXShellScriptBuildPhase section */

/* Begin PBXSourcesBuildPhase section */
		633707D91B6A49F40094A36C /* Sources */ = {
			isa = PBXSourcesBuildPhase;
			buildActionMask = 2147483647;
			files = (
				636A102A1B6B27C100D3E7CB /* NNBaseTabBarController.m in Sources */,
				636A10341B6B488400D3E7CB /* NNCategoryViewController.m in Sources */,
				63AE71EF1B72120B00EB4474 /* NNScrollerView.m in Sources */,
				633707E61B6A49F40094A36C /* AppDelegate.m in Sources */,
				633707E31B6A49F40094A36C /* main.m in Sources */,
				636A102E1B6B461F00D3E7CB /* NNHomeTabController.m in Sources */,
				636A10311B6B471400D3E7CB /* NNHomeViewController.m in Sources */,
				636A10271B6B242D00D3E7CB /* NNBaseNavigationController.m in Sources */,
				63BF5B501B6B20AF00C5A7B2 /* NNBaseViewController.m in Sources */,
			);
			runOnlyForDeploymentPostprocessing = 0;
		};
		633707F21B6A49F40094A36C /* Sources */ = {
			isa = PBXSourcesBuildPhase;
			buildActionMask = 2147483647;
			files = (
				633707FD1B6A49F50094A36C /* cmallTests.m in Sources */,
			);
			runOnlyForDeploymentPostprocessing = 0;
		};
/* End PBXSourcesBuildPhase section */

/* Begin PBXTargetDependency section */
		633707F81B6A49F40094A36C /* PBXTargetDependency */ = {
			isa = PBXTargetDependency;
			target = 633707DC1B6A49F40094A36C /* cmall */;
			targetProxy = 633707F71B6A49F40094A36C /* PBXContainerItemProxy */;
		};
/* End PBXTargetDependency section */

/* Begin XCBuildConfiguration section */
		633707FE1B6A49F50094A36C /* Debug */ = {
			isa = XCBuildConfiguration;
			buildSettings = {
				ALWAYS_SEARCH_USER_PATHS = NO;
				CLANG_CXX_LANGUAGE_STANDARD = "gnu++0x";
				CLANG_CXX_LIBRARY = "libc++";
				CLANG_ENABLE_MODULES = YES;
				CLANG_ENABLE_OBJC_ARC = YES;
				CLANG_WARN_BOOL_CONVERSION = YES;
				CLANG_WARN_CONSTANT_CONVERSION = YES;
				CLANG_WARN_DIRECT_OBJC_ISA_USAGE = YES_ERROR;
				CLANG_WARN_EMPTY_BODY = YES;
				CLANG_WARN_ENUM_CONVERSION = YES;
				CLANG_WARN_INT_CONVERSION = YES;
				CLANG_WARN_OBJC_ROOT_CLASS = YES_ERROR;
				CLANG_WARN_UNREACHABLE_CODE = YES;
				CLANG_WARN__DUPLICATE_METHOD_MATCH = YES;
				"CODE_SIGN_IDENTITY[sdk=iphoneos*]" = "iPhone Developer";
				COPY_PHASE_STRIP = NO;
				DEBUG_INFORMATION_FORMAT = "dwarf-with-dsym";
				ENABLE_STRICT_OBJC_MSGSEND = YES;
				GCC_C_LANGUAGE_STANDARD = gnu99;
				GCC_DYNAMIC_NO_PIC = NO;
				GCC_NO_COMMON_BLOCKS = YES;
				GCC_OPTIMIZATION_LEVEL = 0;
				GCC_PREPROCESSOR_DEFINITIONS = (
					"DEBUG=1",
					"$(inherited)",
				);
				GCC_SYMBOLS_PRIVATE_EXTERN = NO;
				GCC_WARN_64_TO_32_BIT_CONVERSION = YES;
				GCC_WARN_ABOUT_RETURN_TYPE = YES_ERROR;
				GCC_WARN_UNDECLARED_SELECTOR = YES;
				GCC_WARN_UNINITIALIZED_AUTOS = YES_AGGRESSIVE;
				GCC_WARN_UNUSED_FUNCTION = YES;
				GCC_WARN_UNUSED_VARIABLE = YES;
				IPHONEOS_DEPLOYMENT_TARGET = 8.4;
				MTL_ENABLE_DEBUG_INFO = YES;
				ONLY_ACTIVE_ARCH = YES;
				SDKROOT = iphoneos;
			};
			name = Debug;
		};
		633707FF1B6A49F50094A36C /* Release */ = {
			isa = XCBuildConfiguration;
			buildSettings = {
				ALWAYS_SEARCH_USER_PATHS = NO;
				CLANG_CXX_LANGUAGE_STANDARD = "gnu++0x";
				CLANG_CXX_LIBRARY = "libc++";
				CLANG_ENABLE_MODULES = YES;
				CLANG_ENABLE_OBJC_ARC = YES;
				CLANG_WARN_BOOL_CONVERSION = YES;
				CLANG_WARN_CONSTANT_CONVERSION = YES;
				CLANG_WARN_DIRECT_OBJC_ISA_USAGE = YES_ERROR;
				CLANG_WARN_EMPTY_BODY = YES;
				CLANG_WARN_ENUM_CONVERSION = YES;
				CLANG_WARN_INT_CONVERSION = YES;
				CLANG_WARN_OBJC_ROOT_CLASS = YES_ERROR;
				CLANG_WARN_UNREACHABLE_CODE = YES;
				CLANG_WARN__DUPLICATE_METHOD_MATCH = YES;
				"CODE_SIGN_IDENTITY[sdk=iphoneos*]" = "iPhone Developer";
				COPY_PHASE_STRIP = NO;
				DEBUG_INFORMATION_FORMAT = "dwarf-with-dsym";
				ENABLE_NS_ASSERTIONS = NO;
				ENABLE_STRICT_OBJC_MSGSEND = YES;
				GCC_C_LANGUAGE_STANDARD = gnu99;
				GCC_NO_COMMON_BLOCKS = YES;
				GCC_WARN_64_TO_32_BIT_CONVERSION = YES;
				GCC_WARN_ABOUT_RETURN_TYPE = YES_ERROR;
				GCC_WARN_UNDECLARED_SELECTOR = YES;
				GCC_WARN_UNINITIALIZED_AUTOS = YES_AGGRESSIVE;
				GCC_WARN_UNUSED_FUNCTION = YES;
				GCC_WARN_UNUSED_VARIABLE = YES;
				IPHONEOS_DEPLOYMENT_TARGET = 8.4;
				MTL_ENABLE_DEBUG_INFO = NO;
				SDKROOT = iphoneos;
				VALIDATE_PRODUCT = YES;
			};
			name = Release;
		};
		633708011B6A49F50094A36C /* Debug */ = {
			isa = XCBuildConfiguration;
			baseConfigurationReference = 1F5A99351C4956CD0D74D14E /* Pods.debug.xcconfig */;
			buildSettings = {
				ASSETCATALOG_COMPILER_APPICON_NAME = AppIcon;
				INFOPLIST_FILE = cmall/Info.plist;
				LD_RUNPATH_SEARCH_PATHS = "$(inherited) @executable_path/Frameworks";
				PRODUCT_NAME = "$(TARGET_NAME)";
			};
			name = Debug;
		};
		633708021B6A49F50094A36C /* Release */ = {
			isa = XCBuildConfiguration;
			baseConfigurationReference = F7740C57FCE1BE42D9DB4B67 /* Pods.release.xcconfig */;
			buildSettings = {
				ASSETCATALOG_COMPILER_APPICON_NAME = AppIcon;
				INFOPLIST_FILE = cmall/Info.plist;
				LD_RUNPATH_SEARCH_PATHS = "$(inherited) @executable_path/Frameworks";
				PRODUCT_NAME = "$(TARGET_NAME)";
			};
			name = Release;
		};
		633708041B6A49F50094A36C /* Debug */ = {
			isa = XCBuildConfiguration;
			buildSettings = {
				BUNDLE_LOADER = "$(TEST_HOST)";
				FRAMEWORK_SEARCH_PATHS = (
					"$(SDKROOT)/Developer/Library/Frameworks",
					"$(inherited)",
				);
				GCC_PREPROCESSOR_DEFINITIONS = (
					"DEBUG=1",
					"$(inherited)",
				);
				INFOPLIST_FILE = cmallTests/Info.plist;
				LD_RUNPATH_SEARCH_PATHS = "$(inherited) @executable_path/Frameworks @loader_path/Frameworks";
				PRODUCT_NAME = "$(TARGET_NAME)";
				TEST_HOST = "$(BUILT_PRODUCTS_DIR)/cmall.app/cmall";
			};
			name = Debug;
		};
		633708051B6A49F50094A36C /* Release */ = {
			isa = XCBuildConfiguration;
			buildSettings = {
				BUNDLE_LOADER = "$(TEST_HOST)";
				FRAMEWORK_SEARCH_PATHS = (
					"$(SDKROOT)/Developer/Library/Frameworks",
					"$(inherited)",
				);
				INFOPLIST_FILE = cmallTests/Info.plist;
				LD_RUNPATH_SEARCH_PATHS = "$(inherited) @executable_path/Frameworks @loader_path/Frameworks";
				PRODUCT_NAME = "$(TARGET_NAME)";
				TEST_HOST = "$(BUILT_PRODUCTS_DIR)/cmall.app/cmall";
			};
			name = Release;
		};
/* End XCBuildConfiguration section */

/* Begin XCConfigurationList section */
		633707D81B6A49F40094A36C /* Build configuration list for PBXProject "cmall" */ = {
			isa = XCConfigurationList;
			buildConfigurations = (
				633707FE1B6A49F50094A36C /* Debug */,
				633707FF1B6A49F50094A36C /* Release */,
			);
			defaultConfigurationIsVisible = 0;
			defaultConfigurationName = Release;
		};
		633708001B6A49F50094A36C /* Build configuration list for PBXNativeTarget "cmall" */ = {
			isa = XCConfigurationList;
			buildConfigurations = (
				633708011B6A49F50094A36C /* Debug */,
				633708021B6A49F50094A36C /* Release */,
			);
			defaultConfigurationIsVisible = 0;
			defaultConfigurationName = Release;
		};
		633708031B6A49F50094A36C /* Build configuration list for PBXNativeTarget "cmallTests" */ = {
			isa = XCConfigurationList;
			buildConfigurations = (
				633708041B6A49F50094A36C /* Debug */,
				633708051B6A49F50094A36C /* Release */,
			);
			defaultConfigurationIsVisible = 0;
			defaultConfigurationName = Release;
		};
/* End XCConfigurationList section */
	};
	rootObject = 633707D51B6A49F40094A36C /* Project object */;
}
